{
  "name": "11-only-redux",
  "version": "1.0.0",
  "lockfileVersion": 3,
  "requires": true,
  "packages": {
    "": {
      "name": "11-only-redux",
      "version": "1.0.0",
      "license": "ISC",
      "dependencies": {
        "redux": "^4.2.1"
      }
    },
    "node_modules/@babel/runtime": {
      "version": "7.29.7",
      "resolved": "https://registry.npmjs.org/@babel/runtime/-/runtime-7.29.7.tgz",
      "integrity": "sha512-Nq8OhGWiZIZGV6hLHoyAKLLcJihP/xFeBMGJoUrxTX2psI8dCifzLhZISFb+VWS3wFMRDmCGw5R+dOySCqPLhw==",
      "engines": {
        "node": ">=6.9.0"
      }
    },
    "node_modules/redux": {
      "version": "4.2.1",
      "resolved": "https://registry.npmjs.org/redux/-/redux-4.2.1.tgz",
      "integrity": "sha512-LAUYz4lc+Do8/g7aeRa8JkyDErK6ekstQaqWQrNRW//MY1TvCEpMtpTWvlQ+FPbWCx+Xixu/6SHt5N0HR+SB4w==",
      "dependencies": {
        "@babel/runtime": "^7.9.2"
      }
    }
  }
}